{
  "name": "modulee13_homework",
  "version": "1.0.0",
  "lockfileVersion": 2,
  "requires": true,
  "packages": {
    "": {
      "name": "modulee13_homework",
      "version": "1.0.0",
      "license": "ISC",
      "dependencies": {
        "stylelint-config-standard": "^25.0.0"
      },
     
}
